
Microsoft Visual Studio Solution File, Format Version 12.00
# Visual Studio Version 17
VisualStudioVersion = 17.10.35013.160
MinimumVisualStudioVersion = 10.0.40219.1
Project("{9A19103F-16F7-4668-BE54-9A1E7A4F7556}") = "RabbitMQ-EMailQueue", "RabbitMQ-EMailQueue\RabbitMQ-EMailQueue.csproj", "{58212BDD-69A1-41D7-A8F1-9629DA7F3B52}"
EndProject
Project("{FAE04EC0-301F-11D3-BF4B-00C04F79EFBC}") = "Consume-Queue", "Consume-Queue\Consume-Queue.csproj", "{348AE707-C9AE-4FB2-A03F-12072F57096A}"
EndProject
Global
	GlobalSection(SolutionConfigurationPlatforms) = preSolution
		Debug|Any CPU = Debug|Any CPU
		Release|Any CPU = Release|Any CPU
	EndGlobalSection
	GlobalSection(ProjectConfigurationPlatforms) = postSolution
		{58212BDD-69A1-41D7-A8F1-9629DA7F3B52}.Debug|Any CPU.ActiveCfg = Debug|Any CPU
		{58212BDD-69A1-41D7-A8F1-9629DA7F3B52}.Debug|Any CPU.Build.0 = Debug|Any CPU
		{58212BDD-69A1-41D7-A8F1-9629DA7F3B52}.Release|Any CPU.ActiveCfg = Release|Any CPU
		{58212BDD-69A1-41D7-A8F1-9629DA7F3B52}.Release|Any CPU.Build.0 = Release|Any CPU
		{348AE707-C9AE-4FB2-A03F-12072F57096A}.Debug|Any CPU.ActiveCfg = Debug|Any CPU
		{348AE707-C9AE-4FB2-A03F-12072F57096A}.Debug|Any CPU.Build.0 = Debug|Any CPU
		{348AE707-C9AE-4FB2-A03F-12072F57096A}.Release|Any CPU.ActiveCfg = Release|Any CPU
		{348AE707-C9AE-4FB2-A03F-12072F57096A}.Release|Any CPU.Build.0 = Release|Any CPU
	EndGlobalSection
	GlobalSection(SolutionProperties) = preSolution
		HideSolutionNode = FALSE
	EndGlobalSection
	GlobalSection(ExtensibilityGlobals) = postSolution
		SolutionGuid = {3E48D830-72C1-4CB4-935B-09B0FB9DD737}
	EndGlobalSection
EndGlobal
